
Microsoft Visual Studio Solution File, Format Version 12.00
Project("{FAE04EC0-301F-11D3-BF4B-00C04F79EFBC}") = "dotnet-webapp", "dotnet-webapp\dotnet-webapp.csproj", "{D52F7289-2123-474E-B0DC-E996E2954D05}"
EndProject
Project("{FAE04EC0-301F-11D3-BF4B-00C04F79EFBC}") = "UnitsTests", "UnitsTests\UnitsTests.csproj", "{938A7E5F-68A5-44B1-9997-B51C10760BA7}"
EndProject
Global
	GlobalSection(SolutionConfigurationPlatforms) = preSolution
		Debug|Any CPU = Debug|Any CPU
		Release|Any CPU = Release|Any CPU
	EndGlobalSection
	GlobalSection(ProjectConfigurationPlatforms) = postSolution
		{D52F7289-2123-474E-B0DC-E996E2954D05}.Debug|Any CPU.ActiveCfg = Debug|Any CPU
		{D52F7289-2123-474E-B0DC-E996E2954D05}.Debug|Any CPU.Build.0 = Debug|Any CPU
		{D52F7289-2123-474E-B0DC-E996E2954D05}.Release|Any CPU.ActiveCfg = Release|Any CPU
		{D52F7289-2123-474E-B0DC-E996E2954D05}.Release|Any CPU.Build.0 = Release|Any CPU
		{938A7E5F-68A5-44B1-9997-B51C10760BA7}.Debug|Any CPU.ActiveCfg = Debug|Any CPU
		{938A7E5F-68A5-44B1-9997-B51C10760BA7}.Debug|Any CPU.Build.0 = Debug|Any CPU
		{938A7E5F-68A5-44B1-9997-B51C10760BA7}.Release|Any CPU.ActiveCfg = Release|Any CPU
		{938A7E5F-68A5-44B1-9997-B51C10760BA7}.Release|Any CPU.Build.0 = Release|Any CPU
	EndGlobalSection
EndGlobal
